
Microsoft Visual Studio Solution File, Format Version 12.00
# Visual Studio Version 16
VisualStudioVersion = 16.0.31624.102
MinimumVisualStudioVersion = 10.0.40219.1
Project("{FAE04EC0-301F-11D3-BF4B-00C04F79EFBC}") = "A2HJKYH1p1", "A2HJKYH1p1\A2HJKYH1p1.csproj", "{38C24C0E-ADAB-4839-AF73-D2BD46D3A102}"
EndProject
Global
	GlobalSection(SolutionConfigurationPlatforms) = preSolution
		Debug|Any CPU = Debug|Any CPU
		Release|Any CPU = Release|Any CPU
	EndGlobalSection
	GlobalSection(ProjectConfigurationPlatforms) = postSolution
		{38C24C0E-ADAB-4839-AF73-D2BD46D3A102}.Debug|Any CPU.ActiveCfg = Debug|Any CPU
		{38C24C0E-ADAB-4839-AF73-D2BD46D3A102}.Debug|Any CPU.Build.0 = Debug|Any CPU
		{38C24C0E-ADAB-4839-AF73-D2BD46D3A102}.Release|Any CPU.ActiveCfg = Release|Any CPU
		{38C24C0E-ADAB-4839-AF73-D2BD46D3A102}.Release|Any CPU.Build.0 = Release|Any CPU
	EndGlobalSection
	GlobalSection(SolutionProperties) = preSolution
		HideSolutionNode = FALSE
	EndGlobalSection
	GlobalSection(ExtensibilityGlobals) = postSolution
		SolutionGuid = {42735095-CB96-4DE5-BCA7-A7FA7312B94B}
	EndGlobalSection
EndGlobal
